
Microsoft Visual Studio Solution File, Format Version 12.00
# Visual Studio Version 17
VisualStudioVersion = 17.4.33213.308
MinimumVisualStudioVersion = 10.0.40219.1
Project("{9A19103F-16F7-4668-BE54-9A1E7A4F7556}") = "Online_Book_Store_Application_Web", "Online_Book_Store_Application_Web\Online_Book_Store_Application_Web.csproj", "{13973C92-877B-4C4B-9DD2-70E6441CA35D}"
EndProject
Project("{9A19103F-16F7-4668-BE54-9A1E7A4F7556}") = "Online_Book_Store_Application.DataAccess", "Online_Book_Store_Application.DataAccess\Online_Book_Store_Application.DataAccess.csproj", "{0FCFF7DD-6DD1-42B0-A864-86626275F423}"
EndProject
Project("{9A19103F-16F7-4668-BE54-9A1E7A4F7556}") = "Online_Book_Store_Application.Models", "Online_Book_Store_Application.Models\Online_Book_Store_Application.Models.csproj", "{A1C1EEA7-F425-4A47-9F2D-912AF1749902}"
EndProject
Project("{9A19103F-16F7-4668-BE54-9A1E7A4F7556}") = "Online_Book_Store_Application.Repository", "Online_Book_Store_Application.Repository\Online_Book_Store_Application.Repository.csproj", "{8098A621-8DAB-449F-8E63-009BFAC1E611}"
EndProject
Project("{FAE04EC0-301F-11D3-BF4B-00C04F79EFBC}") = "Online_Book_Store_Application.Utility", "Online_Book_Store_Application.Utility\Online_Book_Store_Application.Utility.csproj", "{0B85DC72-1083-4B17-9D60-C7F885D6DA3D}"
EndProject
Global
	GlobalSection(SolutionConfigurationPlatforms) = preSolution
		Debug|Any CPU = Debug|Any CPU
		Release|Any CPU = Release|Any CPU
	EndGlobalSection
	GlobalSection(ProjectConfigurationPlatforms) = postSolution
		{13973C92-877B-4C4B-9DD2-70E6441CA35D}.Debug|Any CPU.ActiveCfg = Debug|Any CPU
		{13973C92-877B-4C4B-9DD2-70E6441CA35D}.Debug|Any CPU.Build.0 = Debug|Any CPU
		{13973C92-877B-4C4B-9DD2-70E6441CA35D}.Release|Any CPU.ActiveCfg = Release|Any CPU
		{13973C92-877B-4C4B-9DD2-70E6441CA35D}.Release|Any CPU.Build.0 = Release|Any CPU
		{0FCFF7DD-6DD1-42B0-A864-86626275F423}.Debug|Any CPU.ActiveCfg = Debug|Any CPU
		{0FCFF7DD-6DD1-42B0-A864-86626275F423}.Debug|Any CPU.Build.0 = Debug|Any CPU
		{0FCFF7DD-6DD1-42B0-A864-86626275F423}.Release|Any CPU.ActiveCfg = Release|Any CPU
		{0FCFF7DD-6DD1-42B0-A864-86626275F423}.Release|Any CPU.Build.0 = Release|Any CPU
		{A1C1EEA7-F425-4A47-9F2D-912AF1749902}.Debug|Any CPU.ActiveCfg = Debug|Any CPU
		{A1C1EEA7-F425-4A47-9F2D-912AF1749902}.Debug|Any CPU.Build.0 = Debug|Any CPU
		{A1C1EEA7-F425-4A47-9F2D-912AF1749902}.Release|Any CPU.ActiveCfg = Release|Any CPU
		{A1C1EEA7-F425-4A47-9F2D-912AF1749902}.Release|Any CPU.Build.0 = Release|Any CPU
		{8098A621-8DAB-449F-8E63-009BFAC1E611}.Debug|Any CPU.ActiveCfg = Debug|Any CPU
		{8098A621-8DAB-449F-8E63-009BFAC1E611}.Debug|Any CPU.Build.0 = Debug|Any CPU
		{8098A621-8DAB-449F-8E63-009BFAC1E611}.Release|Any CPU.ActiveCfg = Release|Any CPU
		{8098A621-8DAB-449F-8E63-009BFAC1E611}.Release|Any CPU.Build.0 = Release|Any CPU
		{0B85DC72-1083-4B17-9D60-C7F885D6DA3D}.Debug|Any CPU.ActiveCfg = Debug|Any CPU
		{0B85DC72-1083-4B17-9D60-C7F885D6DA3D}.Debug|Any CPU.Build.0 = Debug|Any CPU
		{0B85DC72-1083-4B17-9D60-C7F885D6DA3D}.Release|Any CPU.ActiveCfg = Release|Any CPU
		{0B85DC72-1083-4B17-9D60-C7F885D6DA3D}.Release|Any CPU.Build.0 = Release|Any CPU
	EndGlobalSection
	GlobalSection(SolutionProperties) = preSolution
		HideSolutionNode = FALSE
	EndGlobalSection
	GlobalSection(ExtensibilityGlobals) = postSolution
		SolutionGuid = {4ADFD4BF-FCBC-433E-BE63-31DB07F98C55}
	EndGlobalSection
EndGlobal
